
Microsoft Visual Studio Solution File, Format Version 12.00
# Visual Studio Version 16
VisualStudioVersion = 16.0.30717.126
MinimumVisualStudioVersion = 10.0.40219.1
Project("{FAE04EC0-301F-11D3-BF4B-00C04F79EFBC}") = "CryptoSoft", "CryptoSoft\CryptoSoft.csproj", "{40D63FF9-BEBC-4349-9E45-3E3E4BA56009}"
EndProject
Global
	GlobalSection(SolutionConfigurationPlatforms) = preSolution
		Debug|Any CPU = Debug|Any CPU
		Release|Any CPU = Release|Any CPU
	EndGlobalSection
	GlobalSection(ProjectConfigurationPlatforms) = postSolution
		{40D63FF9-BEBC-4349-9E45-3E3E4BA56009}.Debug|Any CPU.ActiveCfg = Debug|Any CPU
		{40D63FF9-BEBC-4349-9E45-3E3E4BA56009}.Debug|Any CPU.Build.0 = Debug|Any CPU
		{40D63FF9-BEBC-4349-9E45-3E3E4BA56009}.Release|Any CPU.ActiveCfg = Release|Any CPU
		{40D63FF9-BEBC-4349-9E45-3E3E4BA56009}.Release|Any CPU.Build.0 = Release|Any CPU
	EndGlobalSection
	GlobalSection(SolutionProperties) = preSolution
		HideSolutionNode = FALSE
	EndGlobalSection
	GlobalSection(ExtensibilityGlobals) = postSolution
		SolutionGuid = {9D022C95-0466-40FD-8FBD-835B1A3D4827}
	EndGlobalSection
EndGlobal
